// !$*UTF8*$!
{
	archiveVersion = 1;
	classes = {
	};
	objectVersion = 77;
	objects = {

/* Begin PBXContainerItemProxy section */
		B4EB7E332FA0C509004E4D21 /* PBXContainerItemProxy */ = {
			isa = PBXContainerItemProxy;
			containerPortal = B4EB7E1D2FA0C507004E4D21 /* Project object */;
			proxyType = 1;
			remoteGlobalIDString = B4EB7E242FA0C507004E4D21;
			remoteInfo = whatsinthis;
		};
		B4EB7E3D2FA0C509004E4D21 /* PBXContainerItemProxy */ = {
			isa = PBXContainerItemProxy;
			containerPortal = B4EB7E1D2FA0C507004E4D21 /* Project object */;
			proxyType = 1;
			remoteGlobalIDString = B4EB7E242FA0C507004E4D21;
			remoteInfo = whatsinthis;
		};
/* End PBXContainerItemProxy section */

/* Begin PBXFileReference section */
		B4EB7E252FA0C507004E4D21 /* whatsinthis.app */ = {isa = PBXFileReference; explicitFileType = wrapper.application; includeInIndex = 0; path = whatsinthis.app; sourceTree = BUILT_PRODUCTS_DIR; };
		B4EB7E322FA0C509004E4D21 /* whatsinthisTests.xctest */ = {isa = PBXFileReference; explicitFileType = wrapper.cfbundle; includeInIndex = 0; path = whatsinthisTests.xctest; sourceTree = BUILT_PRODUCTS_DIR; };
		B4EB7E3C2FA0C509004E4D21 /* whatsinthisUITests.xctest */ = {isa = PBXFileReference; explicitFileType = wrapper.cfbundle; includeInIndex = 0; path = whatsinthisUITests.xctest; sourceTree = BUILT_PRODUCTS_DIR; };
/* End PBXFileReference section */

/* Begin PBXFileSystemSynchronizedRootGroup section */
		B4EB7E272FA0C507004E4D21 /* whatsinthis */ = {
			isa = PBXFileSystemSynchronizedRootGroup;
			path = whatsinthis;
			sourceTree = "<group>";
		};
		B4EB7E352FA0C509004E4D21 /* whatsinthisTests */ = {
			isa = PBXFileSystemSynchronizedRootGroup;
			path = whatsinthisTests;
			sourceTree = "<group>";
		};
		B4EB7E3F2FA0C509004E4D21 /* whatsinthisUITests */ = {
			isa = PBXFileSystemSynchronizedRootGroup;
			path = whatsinthisUITests;
			sourceTree = "<group>";
		};
/* End PBXFileSystemSynchronizedRootGroup section */

/* Begin PBXFrameworksBuildPhase section */
		B4EB7E222FA0C507004E4D21 /* Frameworks */ = {
			isa = PBXFrameworksBuildPhase;
			buildActionMask = 2147483647;
			files = (
			);
			runOnlyForDeploymentPostprocessing = 0;
		};
		B4EB7E2F2FA0C509004E4D21 /* Frameworks */ = {
			isa = PBXFrameworksBuildPhase;
			buildActionMask = 2147483647;
			files = (
			);
			runOnlyForDeploymentPostprocessing = 0;
		};
		B4EB7E392FA0C509004E4D21 /* Frameworks */ = {
			isa = PBXFrameworksBuildPhase;
			buildActionMask = 2147483647;
			files = (
			);
			runOnlyForDeploymentPostprocessing = 0;
		};
/* End PBXFrameworksBuildPhase section */

/* Begin PBXGroup section */
		B4EB7E1C2FA0C507004E4D21 = {
			isa = PBXGroup;
			children = (
				B4EB7E272FA0C507004E4D21 /* whatsinthis */,
				B4EB7E352FA0C509004E4D21 /* whatsinthisTests */,
				B4EB7E3F2FA0C509004E4D21 /* whatsinthisUITests */,
				B4EB7E262FA0C507004E4D21 /* Products */,
			);
			sourceTree = "<group>";
		};
		B4EB7E262FA0C507004E4D21 /* Products */ = {
			isa = PBXGroup;
			children = (
				B4EB7E252FA0C507004E4D21 /* whatsinthis.app */,
				B4EB7E322FA0C509004E4D21 /* whatsinthisTests.xctest */,
				B4EB7E3C2FA0C509004E4D21 /* whatsinthisUITests.xctest */,
			);
			name = Products;
			sourceTree = "<group>";
		};
/* End PBXGroup section */

/* Begin PBXNativeTarget section */
		B4EB7E242FA0C507004E4D21 /* whatsinthis */ = {
			isa = PBXNativeTarget;
			buildConfigurationList = B4EB7E462FA0C509004E4D21 /* Build configuration list for PBXNativeTarget "whatsinthis" */;
			buildPhases = (
				B4EB7E212FA0C507004E4D21 /* Sources */,
				B4EB7E222FA0C507004E4D21 /* Frameworks */,
				B4EB7E232FA0C507004E4D21 /* Resources */,
			);
			buildRules = (
			);
			dependencies = (
			);
			fileSystemSynchronizedGroups = (
				B4EB7E272FA0C507004E4D21 /* whatsinthis */,
			);
			name = whatsinthis;
			packageProductDependencies = (
			);
			productName = whatsinthis;
			productReference = B4EB7E252FA0C507004E4D21 /* whatsinthis.app */;
			productType = "com.apple.product-type.application";
		};
		B4EB7E312FA0C509004E4D21 /* whatsinthisTests */ = {
			isa = PBXNativeTarget;
			buildConfigurationList = B4EB7E492FA0C509004E4D21 /* Build configuration list for PBXNativeTarget "whatsinthisTests" */;
			buildPhases = (
				B4EB7E2E2FA0C509004E4D21 /* Sources */,
				B4EB7E2F2FA0C509004E4D21 /* Frameworks */,
				B4EB7E302FA0C509004E4D21 /* Resources */,
			);
			buildRules = (
			);
			dependencies = (
				B4EB7E342FA0C509004E4D21 /* PBXTargetDependency */,
			);
			fileSystemSynchronizedGroups = (
				B4EB7E352FA0C509004E4D21 /* whatsinthisTests */,
			);
			name = whatsinthisTests;
			packageProductDependencies = (
			);
			productName = whatsinthisTests;
			productReference = B4EB7E322FA0C509004E4D21 /* whatsinthisTests.xctest */;
			productType = "com.apple.product-type.bundle.unit-test";
		};
		B4EB7E3B2FA0C509004E4D21 /* whatsinthisUITests */ = {
			isa = PBXNativeTarget;
			buildConfigurationList = B4EB7E4C2FA0C509004E4D21 /* Build configuration list for PBXNativeTarget "whatsinthisUITests" */;
			buildPhases = (
				B4EB7E382FA0C509004E4D21 /* Sources */,
				B4EB7E392FA0C509004E4D21 /* Frameworks */,
				B4EB7E3A2FA0C509004E4D21 /* Resources */,
			);
			buildRules = (
			);
			dependencies = (
				B4EB7E3E2FA0C509004E4D21 /* PBXTargetDependency */,
			);
			fileSystemSynchronizedGroups = (
				B4EB7E3F2FA0C509004E4D21 /* whatsinthisUITests */,
			);
			name = whatsinthisUITests;
			packageProductDependencies = (
			);
			productName = whatsinthisUITests;
			productReference = B4EB7E3C2FA0C509004E4D21 /* whatsinthisUITests.xctest */;
			productType = "com.apple.product-type.bundle.ui-testing";
		};
/* End PBXNativeTarget section */

/* Begin PBXProject section */
		B4EB7E1D2FA0C507004E4D21 /* Project object */ = {
			isa = PBXProject;
			attributes = {
				BuildIndependentTargetsInParallel = 1;
				LastSwiftUpdateCheck = 2630;
				LastUpgradeCheck = 2630;
				TargetAttributes = {
					B4EB7E242FA0C507004E4D21 = {
						CreatedOnToolsVersion = 26.3;
					};
					B4EB7E312FA0C509004E4D21 = {
						CreatedOnToolsVersion = 26.3;
						TestTargetID = B4EB7E242FA0C507004E4D21;
					};
					B4EB7E3B2FA0C509004E4D21 = {
						CreatedOnToolsVersion = 26.3;
						TestTargetID = B4EB7E242FA0C507004E4D21;
					};
				};
			};
			buildConfigurationList = B4EB7E202FA0C507004E4D21 /* Build configuration list for PBXProject "whatsinthis" */;
			developmentRegion = en;
			hasScannedForEncodings = 0;
			knownRegions = (
				en,
				Base,
			);
			mainGroup = B4EB7E1C2FA0C507004E4D21;
			minimizedProjectReferenceProxies = 1;
			preferredProjectObjectVersion = 77;
			productRefGroup = B4EB7E262FA0C507004E4D21 /* Products */;
			projectDirPath = "";
			projectRoot = "";
			targets = (
				B4EB7E242FA0C507004E4D21 /* whatsinthis */,
				B4EB7E312FA0C509004E4D21 /* whatsinthisTests */,
				B4EB7E3B2FA0C509004E4D21 /* whatsinthisUITests */,
			);
		};
/* End PBXProject section */

/* Begin PBXResourcesBuildPhase section */
		B4EB7E232FA0C507004E4D21 /* Resources */ = {
			isa = PBXResourcesBuildPhase;
			buildActionMask = 2147483647;
			files = (
			);
			runOnlyForDeploymentPostprocessing = 0;
		};
		B4EB7E302FA0C509004E4D21 /* Resources */ = {
			isa = PBXResourcesBuildPhase;
			buildActionMask = 2147483647;
			files = (
			);
			runOnlyForDeploymentPostprocessing = 0;
		};
		B4EB7E3A2FA0C509004E4D21 /* Resources */ = {
			isa = PBXResourcesBuildPhase;
			buildActionMask = 2147483647;
			files = (
			);
			runOnlyForDeploymentPostprocessing = 0;
		};
/* End PBXResourcesBuildPhase section */

/* Begin PBXSourcesBuildPhase section */
		B4EB7E212FA0C507004E4D21 /* Sources */ = {
			isa = PBXSourcesBuildPhase;
			buildActionMask = 2147483647;
			files = (
			);
			runOnlyForDeploymentPostprocessing = 0;
		};
		B4EB7E2E2FA0C509004E4D21 /* Sources */ = {
			isa = PBXSourcesBuildPhase;
			buildActionMask = 2147483647;
			files = (
			);
			runOnlyForDeploymentPostprocessing = 0;
		};
		B4EB7E382FA0C509004E4D21 /* Sources */ = {
			isa = PBXSourcesBuildPhase;
			buildActionMask = 2147483647;
			files = (
			);
			runOnlyForDeploymentPostprocessing = 0;
		};
/* End PBXSourcesBuildPhase section */

/* Begin PBXTargetDependency section */
		B4EB7E342FA0C509004E4D21 /* PBXTargetDependency */ = {
			isa = PBXTargetDependency;
			target = B4EB7E242FA0C507004E4D21 /* whatsinthis */;
			targetProxy = B4EB7E332FA0C509004E4D21 /* PBXContainerItemProxy */;
		};
		B4EB7E3E2FA0C509004E4D21 /* PBXTargetDependency */ = {
			isa = PBXTargetDependency;
			target = B4EB7E242FA0C507004E4D21 /* whatsinthis */;
			targetProxy = B4EB7E3D2FA0C509004E4D21 /* PBXContainerItemProxy */;
		};
/* End PBXTargetDependency section */

/* Begin XCBuildConfiguration section */
		B4EB7E442FA0C509004E4D21 /* Debug */ = {
			isa = XCBuildConfiguration;
			buildSettings = {
				ALWAYS_SEARCH_USER_PATHS = NO;
				ASSETCATALOG_COMPILER_GENERATE_SWIFT_ASSET_SYMBOL_EXTENSIONS = YES;
				CLANG_ANALYZER_NONNULL = YES;
				CLANG_ANALYZER_NUMBER_OBJECT_CONVERSION = YES_AGGRESSIVE;
				CLANG_CXX_LANGUAGE_STANDARD = "gnu++20";
				CLANG_ENABLE_MODULES = YES;
				CLANG_ENABLE_OBJC_ARC = YES;
				CLANG_ENABLE_OBJC_WEAK = YES;
				CLANG_WARN_BLOCK_CAPTURE_AUTORELEASING = YES;
				CLANG_WARN_BOOL_CONVERSION = YES;
				CLANG_WARN_COMMA = YES;
				CLANG_WARN_CONSTANT_CONVERSION = YES;
				CLANG_WARN_DEPRECATED_OBJC_IMPLEMENTATIONS = YES;
				CLANG_WARN_DIRECT_OBJC_ISA_USAGE = YES_ERROR;
				CLANG_WARN_DOCUMENTATION_COMMENTS = YES;
				CLANG_WARN_EMPTY_BODY = YES;
				CLANG_WARN_ENUM_CONVERSION = YES;
				CLANG_WARN_INFINITE_RECURSION = YES;
				CLANG_WARN_INT_CONVERSION = YES;
				CLANG_WARN_NON_LITERAL_NULL_CONVERSION = YES;
				CLANG_WARN_OBJC_IMPLICIT_RETAIN_SELF = YES;
				CLANG_WARN_OBJC_LITERAL_CONVERSION = YES;
				CLANG_WARN_OBJC_ROOT_CLASS = YES_ERROR;
				CLANG_WARN_QUOTED_INCLUDE_IN_FRAMEWORK_HEADER = YES;
				CLANG_WARN_RANGE_LOOP_ANALYSIS = YES;
				CLANG_WARN_STRICT_PROTOTYPES = YES;
				CLANG_WARN_SUSPICIOUS_MOVE = YES;
				CLANG_WARN_UNGUARDED_AVAILABILITY = YES_AGGRESSIVE;
				CLANG_WARN_UNREACHABLE_CODE = YES;
				CLANG_WARN__DUPLICATE_METHOD_MATCH = YES;
				COPY_PHASE_STRIP = NO;
				DEBUG_INFORMATION_FORMAT = dwarf;
				DEVELOPMENT_TEAM = 533428ZQTT;
				ENABLE_STRICT_OBJC_MSGSEND = YES;
				ENABLE_TESTABILITY = YES;
				ENABLE_USER_SCRIPT_SANDBOXING = YES;
				GCC_C_LANGUAGE_STANDARD = gnu17;
				GCC_DYNAMIC_NO_PIC = NO;
				GCC_NO_COMMON_BLOCKS = YES;
				GCC_OPTIMIZATION_LEVEL = 0;
				GCC_PREPROCESSOR_DEFINITIONS = (
					"DEBUG=1",
					"$(inherited)",
				);
				GCC_WARN_64_TO_32_BIT_CONVERSION = YES;
				GCC_WARN_ABOUT_RETURN_TYPE = YES_ERROR;
				GCC_WARN_UNDECLARED_SELECTOR = YES;
				GCC_WARN_UNINITIALIZED_AUTOS = YES_AGGRESSIVE;
				GCC_WARN_UNUSED_FUNCTION = YES;
				GCC_WARN_UNUSED_VARIABLE = YES;
				IPHONEOS_DEPLOYMENT_TARGET = 26.2;
				LOCALIZATION_PREFERS_STRING_CATALOGS = YES;
				MTL_ENABLE_DEBUG_INFO = INCLUDE_SOURCE;
				MTL_FAST_MATH = YES;
				ONLY_ACTIVE_ARCH = YES;
				SDKROOT = iphoneos;
				SWIFT_ACTIVE_COMPILATION_CONDITIONS = "DEBUG $(inherited)";
				SWIFT_OPTIMIZATION_LEVEL = "-Onone";
			};
			name = Debug;
		};
		B4EB7E452FA0C509004E4D21 /* Release */ = {
			isa = XCBuildConfiguration;
			buildSettings = {
				ALWAYS_SEARCH_USER_PATHS = NO;
				ASSETCATALOG_COMPILER_GENERATE_SWIFT_ASSET_SYMBOL_EXTENSIONS = YES;
				CLANG_ANALYZER_NONNULL = YES;
				CLANG_ANALYZER_NUMBER_OBJECT_CONVERSION = YES_AGGRESSIVE;
				CLANG_CXX_LANGUAGE_STANDARD = "gnu++20";
				CLANG_ENABLE_MODULES = YES;
				CLANG_ENABLE_OBJC_ARC = YES;
				CLANG_ENABLE_OBJC_WEAK = YES;
				CLANG_WARN_BLOCK_CAPTURE_AUTORELEASING = YES;
				CLANG_WARN_BOOL_CONVERSION = YES;
				CLANG_WARN_COMMA = YES;
				CLANG_WARN_CONSTANT_CONVERSION = YES;
				CLANG_WARN_DEPRECATED_OBJC_IMPLEMENTATIONS = YES;
				CLANG_WARN_DIRECT_OBJC_ISA_USAGE = YES_ERROR;
				CLANG_WARN_DOCUMENTATION_COMMENTS = YES;
				CLANG_WARN_EMPTY_BODY = YES;
				CLANG_WARN_ENUM_CONVERSION = YES;
				CLANG_WARN_INFINITE_RECURSION = YES;
				CLANG_WARN_INT_CONVERSION = YES;
				CLANG_WARN_NON_LITERAL_NULL_CONVERSION = YES;
				CLANG_WARN_OBJC_IMPLICIT_RETAIN_SELF = YES;
				CLANG_WARN_OBJC_LITERAL_CONVERSION = YES;
				CLANG_WARN_OBJC_ROOT_CLASS = YES_ERROR;
				CLANG_WARN_QUOTED_INCLUDE_IN_FRAMEWORK_HEADER = YES;
				CLANG_WARN_RANGE_LOOP_ANALYSIS = YES;
				CLANG_WARN_STRICT_PROTOTYPES = YES;
				CLANG_WARN_SUSPICIOUS_MOVE = YES;
				CLANG_WARN_UNGUARDED_AVAILABILITY = YES_AGGRESSIVE;
				CLANG_WARN_UNREACHABLE_CODE = YES;
				CLANG_WARN__DUPLICATE_METHOD_MATCH = YES;
				COPY_PHASE_STRIP = NO;
				DEBUG_INFORMATION_FORMAT = "dwarf-with-dsym";
				DEVELOPMENT_TEAM = 533428ZQTT;
				ENABLE_NS_ASSERTIONS = NO;
				ENABLE_STRICT_OBJC_MSGSEND = YES;
				ENABLE_USER_SCRIPT_SANDBOXING = YES;
				GCC_C_LANGUAGE_STANDARD = gnu17;
				GCC_NO_COMMON_BLOCKS = YES;
				GCC_WARN_64_TO_32_BIT_CONVERSION = YES;
				GCC_WARN_ABOUT_RETURN_TYPE = YES_ERROR;
				GCC_WARN_UNDECLARED_SELECTOR = YES;
				GCC_WARN_UNINITIALIZED_AUTOS = YES_AGGRESSIVE;
				GCC_WARN_UNUSED_FUNCTION = YES;
				GCC_WARN_UNUSED_VARIABLE = YES;
				IPHONEOS_DEPLOYMENT_TARGET = 26.2;
				LOCALIZATION_PREFERS_STRING_CATALOGS = YES;
				MTL_ENABLE_DEBUG_INFO = NO;
				MTL_FAST_MATH = YES;
				SDKROOT = iphoneos;
				SWIFT_COMPILATION_MODE = wholemodule;
				VALIDATE_PRODUCT = YES;
			};
			name = Release;
		};
		B4EB7E472FA0C509004E4D21 /* Debug */ = {
			isa = XCBuildConfiguration;
			buildSettings = {
				ASSETCATALOG_COMPILER_APPICON_NAME = AppIcon;
				ASSETCATALOG_COMPILER_GLOBAL_ACCENT_COLOR_NAME = AccentColor;
				CODE_SIGN_STYLE = Automatic;
				CURRENT_PROJECT_VERSION = 1;
				DEVELOPMENT_TEAM = 533428ZQTT;
				ENABLE_PREVIEWS = YES;
				GENERATE_INFOPLIST_FILE = YES;
				INFOPLIST_KEY_CFBundleDisplayName = "What's In This?";
				INFOPLIST_KEY_NSCameraUsageDescription = "Scan barcodes and ingredient labels to explain what is inside a product.";
				INFOPLIST_KEY_UIApplicationSceneManifest_Generation = YES;
				INFOPLIST_KEY_UIApplicationSupportsIndirectInputEvents = YES;
				INFOPLIST_KEY_UILaunchScreen_Generation = YES;
				INFOPLIST_KEY_UISupportedInterfaceOrientations_iPad = "UIInterfaceOrientationPortrait UIInterfaceOrientationPortraitUpsideDown UIInterfaceOrientationLandscapeLeft UIInterfaceOrientationLandscapeRight";
				INFOPLIST_KEY_UISupportedInterfaceOrientations_iPhone = "UIInterfaceOrientationPortrait UIInterfaceOrientationLandscapeLeft UIInterfaceOrientationLandscapeRight";
				INFOPLIST_KEY_WhatsInThisBackendBaseURL = "$(WHATSINTHIS_BACKEND_BASE_URL)";
				LD_RUNPATH_SEARCH_PATHS = (
					"$(inherited)",
					"@executable_path/Frameworks",
				);
				MARKETING_VERSION = 1.0;
				PRODUCT_BUNDLE_IDENTIFIER = io.makepad.whatsinthis;
				PRODUCT_NAME = "$(TARGET_NAME)";
				STRING_CATALOG_GENERATE_SYMBOLS = YES;
				SWIFT_APPROACHABLE_CONCURRENCY = YES;
				SWIFT_DEFAULT_ACTOR_ISOLATION = MainActor;
				SWIFT_EMIT_LOC_STRINGS = YES;
				SWIFT_UPCOMING_FEATURE_MEMBER_IMPORT_VISIBILITY = YES;
				SWIFT_VERSION = 5.0;
				TARGETED_DEVICE_FAMILY = "1,2";
				WHATSINTHIS_BACKEND_BASE_URL = "http://127.0.0.1:8080";
			};
			name = Debug;
		};
		B4EB7E482FA0C509004E4D21 /* Release */ = {
			isa = XCBuildConfiguration;
			buildSettings = {
				ASSETCATALOG_COMPILER_APPICON_NAME = AppIcon;
				ASSETCATALOG_COMPILER_GLOBAL_ACCENT_COLOR_NAME = AccentColor;
				CODE_SIGN_STYLE = Automatic;
				CURRENT_PROJECT_VERSION = 1;
				DEVELOPMENT_TEAM = 533428ZQTT;
				ENABLE_PREVIEWS = YES;
				GENERATE_INFOPLIST_FILE = YES;
				INFOPLIST_KEY_CFBundleDisplayName = "What's In This?";
				INFOPLIST_KEY_NSCameraUsageDescription = "Scan barcodes and ingredient labels to explain what is inside a product.";
				INFOPLIST_KEY_UIApplicationSceneManifest_Generation = YES;
				INFOPLIST_KEY_UIApplicationSupportsIndirectInputEvents = YES;
				INFOPLIST_KEY_UILaunchScreen_Generation = YES;
				INFOPLIST_KEY_UISupportedInterfaceOrientations_iPad = "UIInterfaceOrientationPortrait UIInterfaceOrientationPortraitUpsideDown UIInterfaceOrientationLandscapeLeft UIInterfaceOrientationLandscapeRight";
				INFOPLIST_KEY_UISupportedInterfaceOrientations_iPhone = "UIInterfaceOrientationPortrait UIInterfaceOrientationLandscapeLeft UIInterfaceOrientationLandscapeRight";
				INFOPLIST_KEY_WhatsInThisBackendBaseURL = "$(WHATSINTHIS_BACKEND_BASE_URL)";
				LD_RUNPATH_SEARCH_PATHS = (
					"$(inherited)",
					"@executable_path/Frameworks",
				);
				MARKETING_VERSION = 1.0;
				PRODUCT_BUNDLE_IDENTIFIER = io.makepad.whatsinthis;
				PRODUCT_NAME = "$(TARGET_NAME)";
				STRING_CATALOG_GENERATE_SYMBOLS = YES;
				SWIFT_APPROACHABLE_CONCURRENCY = YES;
				SWIFT_DEFAULT_ACTOR_ISOLATION = MainActor;
				SWIFT_EMIT_LOC_STRINGS = YES;
				SWIFT_UPCOMING_FEATURE_MEMBER_IMPORT_VISIBILITY = YES;
				SWIFT_VERSION = 5.0;
				TARGETED_DEVICE_FAMILY = "1,2";
				WHATSINTHIS_BACKEND_BASE_URL = "http://127.0.0.1:8080";
			};
			name = Release;
		};
		B4EB7E4A2FA0C509004E4D21 /* Debug */ = {
			isa = XCBuildConfiguration;
			buildSettings = {
				BUNDLE_LOADER = "$(TEST_HOST)";
				CODE_SIGN_STYLE = Automatic;
				CURRENT_PROJECT_VERSION = 1;
				DEVELOPMENT_TEAM = 533428ZQTT;
				GENERATE_INFOPLIST_FILE = YES;
				IPHONEOS_DEPLOYMENT_TARGET = 26.2;
				MARKETING_VERSION = 1.0;
				PRODUCT_BUNDLE_IDENTIFIER = io.makepad.whatsinthisTests;
				PRODUCT_NAME = "$(TARGET_NAME)";
				STRING_CATALOG_GENERATE_SYMBOLS = NO;
				SWIFT_APPROACHABLE_CONCURRENCY = YES;
				SWIFT_EMIT_LOC_STRINGS = NO;
				SWIFT_UPCOMING_FEATURE_MEMBER_IMPORT_VISIBILITY = YES;
				SWIFT_VERSION = 5.0;
				TARGETED_DEVICE_FAMILY = "1,2";
				TEST_HOST = "$(BUILT_PRODUCTS_DIR)/whatsinthis.app/$(BUNDLE_EXECUTABLE_FOLDER_PATH)/whatsinthis";
			};
			name = Debug;
		};
		B4EB7E4B2FA0C509004E4D21 /* Release */ = {
			isa = XCBuildConfiguration;
			buildSettings = {
				BUNDLE_LOADER = "$(TEST_HOST)";
				CODE_SIGN_STYLE = Automatic;
				CURRENT_PROJECT_VERSION = 1;
				DEVELOPMENT_TEAM = 533428ZQTT;
				GENERATE_INFOPLIST_FILE = YES;
				IPHONEOS_DEPLOYMENT_TARGET = 26.2;
				MARKETING_VERSION = 1.0;
				PRODUCT_BUNDLE_IDENTIFIER = io.makepad.whatsinthisTests;
				PRODUCT_NAME = "$(TARGET_NAME)";
				STRING_CATALOG_GENERATE_SYMBOLS = NO;
				SWIFT_APPROACHABLE_CONCURRENCY = YES;
				SWIFT_EMIT_LOC_STRINGS = NO;
				SWIFT_UPCOMING_FEATURE_MEMBER_IMPORT_VISIBILITY = YES;
				SWIFT_VERSION = 5.0;
				TARGETED_DEVICE_FAMILY = "1,2";
				TEST_HOST = "$(BUILT_PRODUCTS_DIR)/whatsinthis.app/$(BUNDLE_EXECUTABLE_FOLDER_PATH)/whatsinthis";
			};
			name = Release;
		};
		B4EB7E4D2FA0C509004E4D21 /* Debug */ = {
			isa = XCBuildConfiguration;
			buildSettings = {
				CODE_SIGN_STYLE = Automatic;
				CURRENT_PROJECT_VERSION = 1;
				DEVELOPMENT_TEAM = 533428ZQTT;
				GENERATE_INFOPLIST_FILE = YES;
				MARKETING_VERSION = 1.0;
				PRODUCT_BUNDLE_IDENTIFIER = io.makepad.whatsinthisUITests;
				PRODUCT_NAME = "$(TARGET_NAME)";
				STRING_CATALOG_GENERATE_SYMBOLS = NO;
				SWIFT_APPROACHABLE_CONCURRENCY = YES;
				SWIFT_EMIT_LOC_STRINGS = NO;
				SWIFT_UPCOMING_FEATURE_MEMBER_IMPORT_VISIBILITY = YES;
				SWIFT_VERSION = 5.0;
				TARGETED_DEVICE_FAMILY = "1,2";
				TEST_TARGET_NAME = whatsinthis;
			};
			name = Debug;
		};
		B4EB7E4E2FA0C509004E4D21 /* Release */ = {
			isa = XCBuildConfiguration;
			buildSettings = {
				CODE_SIGN_STYLE = Automatic;
				CURRENT_PROJECT_VERSION = 1;
				DEVELOPMENT_TEAM = 533428ZQTT;
				GENERATE_INFOPLIST_FILE = YES;
				MARKETING_VERSION = 1.0;
				PRODUCT_BUNDLE_IDENTIFIER = io.makepad.whatsinthisUITests;
				PRODUCT_NAME = "$(TARGET_NAME)";
				STRING_CATALOG_GENERATE_SYMBOLS = NO;
				SWIFT_APPROACHABLE_CONCURRENCY = YES;
				SWIFT_EMIT_LOC_STRINGS = NO;
				SWIFT_UPCOMING_FEATURE_MEMBER_IMPORT_VISIBILITY = YES;
				SWIFT_VERSION = 5.0;
				TARGETED_DEVICE_FAMILY = "1,2";
				TEST_TARGET_NAME = whatsinthis;
			};
			name = Release;
		};
/* End XCBuildConfiguration section */

/* Begin XCConfigurationList section */
		B4EB7E202FA0C507004E4D21 /* Build configuration list for PBXProject "whatsinthis" */ = {
			isa = XCConfigurationList;
			buildConfigurations = (
				B4EB7E442FA0C509004E4D21 /* Debug */,
				B4EB7E452FA0C509004E4D21 /* Release */,
			);
			defaultConfigurationIsVisible = 0;
			defaultConfigurationName = Release;
		};
		B4EB7E462FA0C509004E4D21 /* Build configuration list for PBXNativeTarget "whatsinthis" */ = {
			isa = XCConfigurationList;
			buildConfigurations = (
				B4EB7E472FA0C509004E4D21 /* Debug */,
				B4EB7E482FA0C509004E4D21 /* Release */,
			);
			defaultConfigurationIsVisible = 0;
			defaultConfigurationName = Release;
		};
		B4EB7E492FA0C509004E4D21 /* Build configuration list for PBXNativeTarget "whatsinthisTests" */ = {
			isa = XCConfigurationList;
			buildConfigurations = (
				B4EB7E4A2FA0C509004E4D21 /* Debug */,
				B4EB7E4B2FA0C509004E4D21 /* Release */,
			);
			defaultConfigurationIsVisible = 0;
			defaultConfigurationName = Release;
		};
		B4EB7E4C2FA0C509004E4D21 /* Build configuration list for PBXNativeTarget "whatsinthisUITests" */ = {
			isa = XCConfigurationList;
			buildConfigurations = (
				B4EB7E4D2FA0C509004E4D21 /* Debug */,
				B4EB7E4E2FA0C509004E4D21 /* Release */,
			);
			defaultConfigurationIsVisible = 0;
			defaultConfigurationName = Release;
		};
/* End XCConfigurationList section */
	};
	rootObject = B4EB7E1D2FA0C507004E4D21 /* Project object */;
}
